
Microsoft Visual Studio Solution File, Format Version 12.00
# Visual Studio Version 17
VisualStudioVersion = 17.0.31903.59
MinimumVisualStudioVersion = 10.0.40219.1
Project("{FAE04EC0-301F-11D3-BF4B-00C04F79EFBC}") = "Window_Services_SendEmail", "Window_Services_SendEmail.csproj", "{9469A130-9608-4B23-867D-7BE890C79814}"
EndProject
Global
	GlobalSection(SolutionConfigurationPlatforms) = preSolution
		Debug|Any CPU = Debug|Any CPU
		Release|Any CPU = Release|Any CPU
	EndGlobalSection
	GlobalSection(ProjectConfigurationPlatforms) = postSolution
		{9469A130-9608-4B23-867D-7BE890C79814}.Debug|Any CPU.ActiveCfg = Debug|Any CPU
		{9469A130-9608-4B23-867D-7BE890C79814}.Debug|Any CPU.Build.0 = Debug|Any CPU
		{9469A130-9608-4B23-867D-7BE890C79814}.Release|Any CPU.ActiveCfg = Release|Any CPU
		{9469A130-9608-4B23-867D-7BE890C79814}.Release|Any CPU.Build.0 = Release|Any CPU
	EndGlobalSection
	GlobalSection(SolutionProperties) = preSolution
		HideSolutionNode = FALSE
	EndGlobalSection
	GlobalSection(ExtensibilityGlobals) = postSolution
		SolutionGuid = {0AD0A863-26C1-4E75-9B75-8F3C5535F695}
	EndGlobalSection
EndGlobal
